// !$*UTF8*$!
{
	archiveVersion = 1;
	classes = {
	};
	objectVersion = 50;
	objects = {

/* Begin PBXBuildFile section */
		E748A0572170EE5D00792BAA /* AppDelegate.swift in Sources */ = {isa = PBXBuildFile; fileRef = E748A0562170EE5D00792BAA /* AppDelegate.swift */; };
		E748A0592170EE5D00792BAA /* ViewController.swift in Sources */ = {isa = PBXBuildFile; fileRef = E748A0582170EE5D00792BAA /* ViewController.swift */; };
		E748A05C2170EE5D00792BAA /* Main.storyboard in Resources */ = {isa = PBXBuildFile; fileRef = E748A05A2170EE5D00792BAA /* Main.storyboard */; };
		E748A0612170EE5E00792BAA /* LaunchScreen.storyboard in Resources */ = {isa = PBXBuildFile; fileRef = E748A05F2170EE5E00792BAA /* LaunchScreen.storyboard */; };
		E748A0722171296B00792BAA /* TableViewCell.swift in Sources */ = {isa = PBXBuildFile; fileRef = E748A0702171296B00792BAA /* TableViewCell.swift */; };
		E748A0772171355000792BAA /* TableViewCell.swift in Resources */ = {isa = PBXBuildFile; fileRef = E748A0702171296B00792BAA /* TableViewCell.swift */; };
		E748A0782171392A00792BAA /* CustomCell.xib in Resources */ = {isa = PBXBuildFile; fileRef = E748A0712171296B00792BAA /* CustomCell.xib */; };
		E748A07A21751E1500792BAA /* CardView.swift in Sources */ = {isa = PBXBuildFile; fileRef = E748A07921751E1500792BAA /* CardView.swift */; };
		E748A07C217535DD00792BAA /* UnitViewController.swift in Sources */ = {isa = PBXBuildFile; fileRef = E748A07B217535DD00792BAA /* UnitViewController.swift */; };
		E792EC152177B1E600A4CFE2 /* UnitViewControllerData.swift in Sources */ = {isa = PBXBuildFile; fileRef = E792EC142177B1E600A4CFE2 /* UnitViewControllerData.swift */; };
		E792EC172177B47900A4CFE2 /* UnitViewControllerDragDrop.swift in Sources */ = {isa = PBXBuildFile; fileRef = E792EC162177B47900A4CFE2 /* UnitViewControllerDragDrop.swift */; };
		E792EC192177B51D00A4CFE2 /* UnitModel.swift in Sources */ = {isa = PBXBuildFile; fileRef = E792EC182177B51D00A4CFE2 /* UnitModel.swift */; };
		E792EC1B2177B61400A4CFE2 /* UnitModelMethods.swift in Sources */ = {isa = PBXBuildFile; fileRef = E792EC1A2177B61400A4CFE2 /* UnitModelMethods.swift */; };
		E792EC1E2179169A00A4CFE2 /* UnitTableViewCell.swift in Sources */ = {isa = PBXBuildFile; fileRef = E792EC1D2179169A00A4CFE2 /* UnitTableViewCell.swift */; };
		E792EC20217916E000A4CFE2 /* UnitTableViewCell.xib in Resources */ = {isa = PBXBuildFile; fileRef = E792EC1F217916E000A4CFE2 /* UnitTableViewCell.xib */; };
		E792EC24217936EB00A4CFE2 /* Assets.xcassets in Resources */ = {isa = PBXBuildFile; fileRef = E792EC23217936EB00A4CFE2 /* Assets.xcassets */; };
		E792EC2621793D6100A4CFE2 /* RoundButton.swift in Sources */ = {isa = PBXBuildFile; fileRef = E792EC2521793D6100A4CFE2 /* RoundButton.swift */; };
		E7C3861B217653080043BC78 /* UIColor.swift in Sources */ = {isa = PBXBuildFile; fileRef = E7C3861A217653080043BC78 /* UIColor.swift */; };
		E7C3861D217662560043BC78 /* ScaleSegue.swift in Sources */ = {isa = PBXBuildFile; fileRef = E7C3861C217662560043BC78 /* ScaleSegue.swift */; };
		E7C3861F217671720043BC78 /* DismissAnimator.swift in Sources */ = {isa = PBXBuildFile; fileRef = E7C3861E217671720043BC78 /* DismissAnimator.swift */; };
/* End PBXBuildFile section */

/* Begin PBXFileReference section */
		E748A0532170EE5D00792BAA /* Converter.app */ = {isa = PBXFileReference; explicitFileType = wrapper.application; includeInIndex = 0; path = Converter.app; sourceTree = BUILT_PRODUCTS_DIR; };
		E748A0562170EE5D00792BAA /* AppDelegate.swift */ = {isa = PBXFileReference; lastKnownFileType = sourcecode.swift; path = AppDelegate.swift; sourceTree = "<group>"; };
		E748A0582170EE5D00792BAA /* ViewController.swift */ = {isa = PBXFileReference; lastKnownFileType = sourcecode.swift; path = ViewController.swift; sourceTree = "<group>"; };
		E748A05B2170EE5D00792BAA /* Base */ = {isa = PBXFileReference; lastKnownFileType = file.storyboard; name = Base; path = Base.lproj/Main.storyboard; sourceTree = "<group>"; };
		E748A0602170EE5E00792BAA /* Base */ = {isa = PBXFileReference; lastKnownFileType = file.storyboard; name = Base; path = Base.lproj/LaunchScreen.storyboard; sourceTree = "<group>"; };
		E748A0622170EE5E00792BAA /* Info.plist */ = {isa = PBXFileReference; lastKnownFileType = text.plist.xml; path = Info.plist; sourceTree = "<group>"; };
		E748A0702171296B00792BAA /* TableViewCell.swift */ = {isa = PBXFileReference; lastKnownFileType = sourcecode.swift; path = TableViewCell.swift; sourceTree = "<group>"; };
		E748A0712171296B00792BAA /* CustomCell.xib */ = {isa = PBXFileReference; lastKnownFileType = file.xib; path = CustomCell.xib; sourceTree = "<group>"; };
		E748A07921751E1500792BAA /* CardView.swift */ = {isa = PBXFileReference; lastKnownFileType = sourcecode.swift; path = CardView.swift; sourceTree = "<group>"; };
		E748A07B217535DD00792BAA /* UnitViewController.swift */ = {isa = PBXFileReference; lastKnownFileType = sourcecode.swift; path = UnitViewController.swift; sourceTree = "<group>"; };
		E792EC142177B1E600A4CFE2 /* UnitViewControllerData.swift */ = {isa = PBXFileReference; lastKnownFileType = sourcecode.swift; path = UnitViewControllerData.swift; sourceTree = "<group>"; };
		E792EC162177B47900A4CFE2 /* UnitViewControllerDragDrop.swift */ = {isa = PBXFileReference; fileEncoding = 4; lastKnownFileType = sourcecode.swift; path = UnitViewControllerDragDrop.swift; sourceTree = "<group>"; };
		E792EC182177B51D00A4CFE2 /* UnitModel.swift */ = {isa = PBXFileReference; lastKnownFileType = sourcecode.swift; path = UnitModel.swift; sourceTree = "<group>"; };
		E792EC1A2177B61400A4CFE2 /* UnitModelMethods.swift */ = {isa = PBXFileReference; fileEncoding = 4; lastKnownFileType = sourcecode.swift; path = UnitModelMethods.swift; sourceTree = "<group>"; };
		E792EC1D2179169A00A4CFE2 /* UnitTableViewCell.swift */ = {isa = PBXFileReference; lastKnownFileType = sourcecode.swift; path = UnitTableViewCell.swift; sourceTree = "<group>"; };
		E792EC1F217916E000A4CFE2 /* UnitTableViewCell.xib */ = {isa = PBXFileReference; lastKnownFileType = file.xib; path = UnitTableViewCell.xib; sourceTree = "<group>"; };
		E792EC23217936EB00A4CFE2 /* Assets.xcassets */ = {isa = PBXFileReference; lastKnownFileType = folder.assetcatalog; path = Assets.xcassets; sourceTree = "<group>"; };
		E792EC2521793D6100A4CFE2 /* RoundButton.swift */ = {isa = PBXFileReference; lastKnownFileType = sourcecode.swift; path = RoundButton.swift; sourceTree = "<group>"; };
		E7C3861A217653080043BC78 /* UIColor.swift */ = {isa = PBXFileReference; lastKnownFileType = sourcecode.swift; path = UIColor.swift; sourceTree = "<group>"; };
		E7C3861C217662560043BC78 /* ScaleSegue.swift */ = {isa = PBXFileReference; lastKnownFileType = sourcecode.swift; path = ScaleSegue.swift; sourceTree = "<group>"; };
		E7C3861E217671720043BC78 /* DismissAnimator.swift */ = {isa = PBXFileReference; lastKnownFileType = sourcecode.swift; path = DismissAnimator.swift; sourceTree = "<group>"; };
/* End PBXFileReference section */

/* Begin PBXFrameworksBuildPhase section */
		E748A0502170EE5D00792BAA /* Frameworks */ = {
			isa = PBXFrameworksBuildPhase;
			buildActionMask = 2147483647;
			files = (
			);
			runOnlyForDeploymentPostprocessing = 0;
		};
/* End PBXFrameworksBuildPhase section */

/* Begin PBXGroup section */
		E748A04A2170EE5D00792BAA = {
			isa = PBXGroup;
			children = (
				E748A0552170EE5D00792BAA /* Converter */,
				E748A0542170EE5D00792BAA /* Products */,
			);
			sourceTree = "<group>";
		};
		E748A0542170EE5D00792BAA /* Products */ = {
			isa = PBXGroup;
			children = (
				E748A0532170EE5D00792BAA /* Converter.app */,
			);
			name = Products;
			sourceTree = "<group>";
		};
		E748A0552170EE5D00792BAA /* Converter */ = {
			isa = PBXGroup;
			children = (
				E748A0562170EE5D00792BAA /* AppDelegate.swift */,
				E748A07421712A2500792BAA /* View */,
				E748A06F2170F65E00792BAA /* Model */,
				E748A06A2170F19E00792BAA /* Controller */,
				E748A05F2170EE5E00792BAA /* LaunchScreen.storyboard */,
				E748A0622170EE5E00792BAA /* Info.plist */,
				E792EC23217936EB00A4CFE2 /* Assets.xcassets */,
			);
			path = Converter;
			sourceTree = "<group>";
		};
		E748A06A2170F19E00792BAA /* Controller */ = {
			isa = PBXGroup;
			children = (
				E7C3861C217662560043BC78 /* ScaleSegue.swift */,
				E7C3861E217671720043BC78 /* DismissAnimator.swift */,
				E7C3861A217653080043BC78 /* UIColor.swift */,
				E748A0582170EE5D00792BAA /* ViewController.swift */,
				E792EC1C2177BDCB00A4CFE2 /* UnitViewController */,
			);
			path = Controller;
			sourceTree = "<group>";
		};
		E748A06F2170F65E00792BAA /* Model */ = {
			isa = PBXGroup;
			children = (
				E792EC182177B51D00A4CFE2 /* UnitModel.swift */,
				E792EC1A2177B61400A4CFE2 /* UnitModelMethods.swift */,
			);
			path = Model;
			sourceTree = "<group>";
		};
		E748A07421712A2500792BAA /* View */ = {
			isa = PBXGroup;
			children = (
				E748A05A2170EE5D00792BAA /* Main.storyboard */,
				E748A07521712A3400792BAA /* Custom Cell */,
			);
			path = View;
			sourceTree = "<group>";
		};
		E748A07521712A3400792BAA /* Custom Cell */ = {
			isa = PBXGroup;
			children = (
				E748A07921751E1500792BAA /* CardView.swift */,
				E792EC222179179A00A4CFE2 /* CategoryTableViewCell */,
				E792EC212179178500A4CFE2 /* UnitTableViewCell */,
			);
			path = "Custom Cell";
			sourceTree = "<group>";
		};
		E792EC1C2177BDCB00A4CFE2 /* UnitViewController */ = {
			isa = PBXGroup;
			children = (
				E748A07B217535DD00792BAA /* UnitViewController.swift */,
				E792EC142177B1E600A4CFE2 /* UnitViewControllerData.swift */,
				E792EC162177B47900A4CFE2 /* UnitViewControllerDragDrop.swift */,
			);
			path = UnitViewController;
			sourceTree = "<group>";
		};
		E792EC212179178500A4CFE2 /* UnitTableViewCell */ = {
			isa = PBXGroup;
			children = (
				E792EC1D2179169A00A4CFE2 /* UnitTableViewCell.swift */,
				E792EC1F217916E000A4CFE2 /* UnitTableViewCell.xib */,
				E792EC2521793D6100A4CFE2 /* RoundButton.swift */,
			);
			path = UnitTableViewCell;
			sourceTree = "<group>";
		};
		E792EC222179179A00A4CFE2 /* CategoryTableViewCell */ = {
			isa = PBXGroup;
			children = (
				E748A0712171296B00792BAA /* CustomCell.xib */,
				E748A0702171296B00792BAA /* TableViewCell.swift */,
			);
			path = CategoryTableViewCell;
			sourceTree = "<group>";
		};
/* End PBXGroup section */

/* Begin PBXNativeTarget section */
		E748A0522170EE5D00792BAA /* Converter */ = {
			isa = PBXNativeTarget;
			buildConfigurationList = E748A0652170EE5E00792BAA /* Build configuration list for PBXNativeTarget "Converter" */;
			buildPhases = (
				E748A04F2170EE5D00792BAA /* Sources */,
				E748A0502170EE5D00792BAA /* Frameworks */,
				E748A0512170EE5D00792BAA /* Resources */,
			);
			buildRules = (
			);
			dependencies = (
			);
			name = Converter;
			productName = Converter;
			productReference = E748A0532170EE5D00792BAA /* Converter.app */;
			productType = "com.apple.product-type.application";
		};
/* End PBXNativeTarget section */

/* Begin PBXProject section */
		E748A04B2170EE5D00792BAA /* Project object */ = {
			isa = PBXProject;
			attributes = {
				LastSwiftUpdateCheck = 0940;
				LastUpgradeCheck = 0940;
				ORGANIZATIONNAME = AlanG.;
				TargetAttributes = {
					E748A0522170EE5D00792BAA = {
						CreatedOnToolsVersion = 9.4.1;
						LastSwiftMigration = 1000;
					};
				};
			};
			buildConfigurationList = E748A04E2170EE5D00792BAA /* Build configuration list for PBXProject "Converter" */;
			compatibilityVersion = "Xcode 9.3";
			developmentRegion = en;
			hasScannedForEncodings = 0;
			knownRegions = (
				en,
				Base,
			);
			mainGroup = E748A04A2170EE5D00792BAA;
			productRefGroup = E748A0542170EE5D00792BAA /* Products */;
			projectDirPath = "";
			projectRoot = "";
			targets = (
				E748A0522170EE5D00792BAA /* Converter */,
			);
		};
/* End PBXProject section */

/* Begin PBXResourcesBuildPhase section */
		E748A0512170EE5D00792BAA /* Resources */ = {
			isa = PBXResourcesBuildPhase;
			buildActionMask = 2147483647;
			files = (
				E748A0782171392A00792BAA /* CustomCell.xib in Resources */,
				E792EC20217916E000A4CFE2 /* UnitTableViewCell.xib in Resources */,
				E748A0772171355000792BAA /* TableViewCell.swift in Resources */,
				E748A0612170EE5E00792BAA /* LaunchScreen.storyboard in Resources */,
				E792EC24217936EB00A4CFE2 /* Assets.xcassets in Resources */,
				E748A05C2170EE5D00792BAA /* Main.storyboard in Resources */,
			);
			runOnlyForDeploymentPostprocessing = 0;
		};
/* End PBXResourcesBuildPhase section */

/* Begin PBXSourcesBuildPhase section */
		E748A04F2170EE5D00792BAA /* Sources */ = {
			isa = PBXSourcesBuildPhase;
			buildActionMask = 2147483647;
			files = (
				E748A0722171296B00792BAA /* TableViewCell.swift in Sources */,
				E7C3861B217653080043BC78 /* UIColor.swift in Sources */,
				E792EC2621793D6100A4CFE2 /* RoundButton.swift in Sources */,
				E792EC1E2179169A00A4CFE2 /* UnitTableViewCell.swift in Sources */,
				E792EC152177B1E600A4CFE2 /* UnitViewControllerData.swift in Sources */,
				E7C3861D217662560043BC78 /* ScaleSegue.swift in Sources */,
				E748A0592170EE5D00792BAA /* ViewController.swift in Sources */,
				E748A07C217535DD00792BAA /* UnitViewController.swift in Sources */,
				E792EC1B2177B61400A4CFE2 /* UnitModelMethods.swift in Sources */,
				E792EC172177B47900A4CFE2 /* UnitViewControllerDragDrop.swift in Sources */,
				E748A07A21751E1500792BAA /* CardView.swift in Sources */,
				E792EC192177B51D00A4CFE2 /* UnitModel.swift in Sources */,
				E748A0572170EE5D00792BAA /* AppDelegate.swift in Sources */,
				E7C3861F217671720043BC78 /* DismissAnimator.swift in Sources */,
			);
			runOnlyForDeploymentPostprocessing = 0;
		};
/* End PBXSourcesBuildPhase section */

/* Begin PBXVariantGroup section */
		E748A05A2170EE5D00792BAA /* Main.storyboard */ = {
			isa = PBXVariantGroup;
			children = (
				E748A05B2170EE5D00792BAA /* Base */,
			);
			name = Main.storyboard;
			sourceTree = "<group>";
		};
		E748A05F2170EE5E00792BAA /* LaunchScreen.storyboard */ = {
			isa = PBXVariantGroup;
			children = (
				E748A0602170EE5E00792BAA /* Base */,
			);
			name = LaunchScreen.storyboard;
			sourceTree = "<group>";
		};
/* End PBXVariantGroup section */

/* Begin XCBuildConfiguration section */
		E748A0632170EE5E00792BAA /* Debug */ = {
			isa = XCBuildConfiguration;
			buildSettings = {
				ALWAYS_SEARCH_USER_PATHS = NO;
				CLANG_ANALYZER_NONNULL = YES;
				CLANG_ANALYZER_NUMBER_OBJECT_CONVERSION = YES_AGGRESSIVE;
				CLANG_CXX_LANGUAGE_STANDARD = "gnu++14";
				CLANG_CXX_LIBRARY = "libc++";
				CLANG_ENABLE_MODULES = YES;
				CLANG_ENABLE_OBJC_ARC = YES;
				CLANG_ENABLE_OBJC_WEAK = YES;
				CLANG_WARN_BLOCK_CAPTURE_AUTORELEASING = YES;
				CLANG_WARN_BOOL_CONVERSION = YES;
				CLANG_WARN_COMMA = YES;
				CLANG_WARN_CONSTANT_CONVERSION = YES;
				CLANG_WARN_DEPRECATED_OBJC_IMPLEMENTATIONS = YES;
				CLANG_WARN_DIRECT_OBJC_ISA_USAGE = YES_ERROR;
				CLANG_WARN_DOCUMENTATION_COMMENTS = YES;
				CLANG_WARN_EMPTY_BODY = YES;
				CLANG_WARN_ENUM_CONVERSION = YES;
				CLANG_WARN_INFINITE_RECURSION = YES;
				CLANG_WARN_INT_CONVERSION = YES;
				CLANG_WARN_NON_LITERAL_NULL_CONVERSION = YES;
				CLANG_WARN_OBJC_IMPLICIT_RETAIN_SELF = YES;
				CLANG_WARN_OBJC_LITERAL_CONVERSION = YES;
				CLANG_WARN_OBJC_ROOT_CLASS = YES_ERROR;
				CLANG_WARN_RANGE_LOOP_ANALYSIS = YES;
				CLANG_WARN_STRICT_PROTOTYPES = YES;
				CLANG_WARN_SUSPICIOUS_MOVE = YES;
				CLANG_WARN_UNGUARDED_AVAILABILITY = YES_AGGRESSIVE;
				CLANG_WARN_UNREACHABLE_CODE = YES;
				CLANG_WARN__DUPLICATE_METHOD_MATCH = YES;
				CODE_SIGN_IDENTITY = "iPhone Developer";
				COPY_PHASE_STRIP = NO;
				DEBUG_INFORMATION_FORMAT = dwarf;
				ENABLE_STRICT_OBJC_MSGSEND = YES;
				ENABLE_TESTABILITY = YES;
				GCC_C_LANGUAGE_STANDARD = gnu11;
				GCC_DYNAMIC_NO_PIC = NO;
				GCC_NO_COMMON_BLOCKS = YES;
				GCC_OPTIMIZATION_LEVEL = 0;
				GCC_PREPROCESSOR_DEFINITIONS = (
					"DEBUG=1",
					"$(inherited)",
				);
				GCC_WARN_64_TO_32_BIT_CONVERSION = YES;
				GCC_WARN_ABOUT_RETURN_TYPE = YES_ERROR;
				GCC_WARN_UNDECLARED_SELECTOR = YES;
				GCC_WARN_UNINITIALIZED_AUTOS = YES_AGGRESSIVE;
				GCC_WARN_UNUSED_FUNCTION = YES;
				GCC_WARN_UNUSED_VARIABLE = YES;
				IPHONEOS_DEPLOYMENT_TARGET = 11.4;
				MTL_ENABLE_DEBUG_INFO = YES;
				ONLY_ACTIVE_ARCH = YES;
				SDKROOT = iphoneos;
				SWIFT_ACTIVE_COMPILATION_CONDITIONS = DEBUG;
				SWIFT_OPTIMIZATION_LEVEL = "-Onone";
			};
			name = Debug;
		};
		E748A0642170EE5E00792BAA /* Release */ = {
			isa = XCBuildConfiguration;
			buildSettings = {
				ALWAYS_SEARCH_USER_PATHS = NO;
				CLANG_ANALYZER_NONNULL = YES;
				CLANG_ANALYZER_NUMBER_OBJECT_CONVERSION = YES_AGGRESSIVE;
				CLANG_CXX_LANGUAGE_STANDARD = "gnu++14";
				CLANG_CXX_LIBRARY = "libc++";
				CLANG_ENABLE_MODULES = YES;
				CLANG_ENABLE_OBJC_ARC = YES;
				CLANG_ENABLE_OBJC_WEAK = YES;
				CLANG_WARN_BLOCK_CAPTURE_AUTORELEASING = YES;
				CLANG_WARN_BOOL_CONVERSION = YES;
				CLANG_WARN_COMMA = YES;
				CLANG_WARN_CONSTANT_CONVERSION = YES;
				CLANG_WARN_DEPRECATED_OBJC_IMPLEMENTATIONS = YES;
				CLANG_WARN_DIRECT_OBJC_ISA_USAGE = YES_ERROR;
				CLANG_WARN_DOCUMENTATION_COMMENTS = YES;
				CLANG_WARN_EMPTY_BODY = YES;
				CLANG_WARN_ENUM_CONVERSION = YES;
				CLANG_WARN_INFINITE_RECURSION = YES;
				CLANG_WARN_INT_CONVERSION = YES;
				CLANG_WARN_NON_LITERAL_NULL_CONVERSION = YES;
				CLANG_WARN_OBJC_IMPLICIT_RETAIN_SELF = YES;
				CLANG_WARN_OBJC_LITERAL_CONVERSION = YES;
				CLANG_WARN_OBJC_ROOT_CLASS = YES_ERROR;
				CLANG_WARN_RANGE_LOOP_ANALYSIS = YES;
				CLANG_WARN_STRICT_PROTOTYPES = YES;
				CLANG_WARN_SUSPICIOUS_MOVE = YES;
				CLANG_WARN_UNGUARDED_AVAILABILITY = YES_AGGRESSIVE;
				CLANG_WARN_UNREACHABLE_CODE = YES;
				CLANG_WARN__DUPLICATE_METHOD_MATCH = YES;
				CODE_SIGN_IDENTITY = "iPhone Developer";
				COPY_PHASE_STRIP = NO;
				DEBUG_INFORMATION_FORMAT = "dwarf-with-dsym";
				ENABLE_NS_ASSERTIONS = NO;
				ENABLE_STRICT_OBJC_MSGSEND = YES;
				GCC_C_LANGUAGE_STANDARD = gnu11;
				GCC_NO_COMMON_BLOCKS = YES;
				GCC_WARN_64_TO_32_BIT_CONVERSION = YES;
				GCC_WARN_ABOUT_RETURN_TYPE = YES_ERROR;
				GCC_WARN_UNDECLARED_SELECTOR = YES;
				GCC_WARN_UNINITIALIZED_AUTOS = YES_AGGRESSIVE;
				GCC_WARN_UNUSED_FUNCTION = YES;
				GCC_WARN_UNUSED_VARIABLE = YES;
				IPHONEOS_DEPLOYMENT_TARGET = 11.4;
				MTL_ENABLE_DEBUG_INFO = NO;
				SDKROOT = iphoneos;
				SWIFT_COMPILATION_MODE = wholemodule;
				SWIFT_OPTIMIZATION_LEVEL = "-O";
				VALIDATE_PRODUCT = YES;
			};
			name = Release;
		};
		E748A0662170EE5E00792BAA /* Debug */ = {
			isa = XCBuildConfiguration;
			buildSettings = {
				ASSETCATALOG_COMPILER_APPICON_NAME = AppIcon;
				CODE_SIGN_STYLE = Automatic;
				DEVELOPMENT_TEAM = MSMWZ8UAD2;
				INFOPLIST_FILE = Converter/Info.plist;
				LD_RUNPATH_SEARCH_PATHS = (
					"$(inherited)",
					"@executable_path/Frameworks",
				);
				PRODUCT_BUNDLE_IDENTIFIER = alanshangguan.Converter;
				PRODUCT_NAME = "$(TARGET_NAME)";
				SWIFT_VERSION = 4.2;
				TARGETED_DEVICE_FAMILY = "1,2";
			};
			name = Debug;
		};
		E748A0672170EE5E00792BAA /* Release */ = {
			isa = XCBuildConfiguration;
			buildSettings = {
				ASSETCATALOG_COMPILER_APPICON_NAME = AppIcon;
				CODE_SIGN_STYLE = Automatic;
				DEVELOPMENT_TEAM = MSMWZ8UAD2;
				INFOPLIST_FILE = Converter/Info.plist;
				LD_RUNPATH_SEARCH_PATHS = (
					"$(inherited)",
					"@executable_path/Frameworks",
				);
				PRODUCT_BUNDLE_IDENTIFIER = alanshangguan.Converter;
				PRODUCT_NAME = "$(TARGET_NAME)";
				SWIFT_VERSION = 4.2;
				TARGETED_DEVICE_FAMILY = "1,2";
			};
			name = Release;
		};
/* End XCBuildConfiguration section */

/* Begin XCConfigurationList section */
		E748A04E2170EE5D00792BAA /* Build configuration list for PBXProject "Converter" */ = {
			isa = XCConfigurationList;
			buildConfigurations = (
				E748A0632170EE5E00792BAA /* Debug */,
				E748A0642170EE5E00792BAA /* Release */,
			);
			defaultConfigurationIsVisible = 0;
			defaultConfigurationName = Release;
		};
		E748A0652170EE5E00792BAA /* Build configuration list for PBXNativeTarget "Converter" */ = {
			isa = XCConfigurationList;
			buildConfigurations = (
				E748A0662170EE5E00792BAA /* Debug */,
				E748A0672170EE5E00792BAA /* Release */,
			);
			defaultConfigurationIsVisible = 0;
			defaultConfigurationName = Release;
		};
/* End XCConfigurationList section */
	};
	rootObject = E748A04B2170EE5D00792BAA /* Project object */;
}
